// !$*UTF8*$!
{
	archiveVersion = 1;
	classes = {
	};
	objectVersion = 50;
	objects = {

/* Begin PBXBuildFile section */
		D7E52DC624E319AE00EA43EA /* AppDelegate.swift in Sources */ = {isa = PBXBuildFile; fileRef = D7E52DC524E319AE00EA43EA /* AppDelegate.swift */; };
		D7E52DC824E319AE00EA43EA /* SceneDelegate.swift in Sources */ = {isa = PBXBuildFile; fileRef = D7E52DC724E319AE00EA43EA /* SceneDelegate.swift */; };
		D7E52DCA24E319AE00EA43EA /* ViewController.swift in Sources */ = {isa = PBXBuildFile; fileRef = D7E52DC924E319AE00EA43EA /* ViewController.swift */; };
		D7E52DCD24E319AE00EA43EA /* Main.storyboard in Resources */ = {isa = PBXBuildFile; fileRef = D7E52DCB24E319AE00EA43EA /* Main.storyboard */; };
		D7E52DD024E319AE00EA43EA /* VolunTEEN.xcdatamodeld in Sources */ = {isa = PBXBuildFile; fileRef = D7E52DCE24E319AE00EA43EA /* VolunTEEN.xcdatamodeld */; };
		D7E52DD224E319B000EA43EA /* Assets.xcassets in Resources */ = {isa = PBXBuildFile; fileRef = D7E52DD124E319B000EA43EA /* Assets.xcassets */; };
		D7E52DD524E319B000EA43EA /* LaunchScreen.storyboard in Resources */ = {isa = PBXBuildFile; fileRef = D7E52DD324E319B000EA43EA /* LaunchScreen.storyboard */; };
		D7E52DDD24E31A9E00EA43EA /* VolunteerTableViewController.swift in Sources */ = {isa = PBXBuildFile; fileRef = D7E52DDC24E31A9E00EA43EA /* VolunteerTableViewController.swift */; };
		D7E52DDF24E31AB400EA43EA /* CompanyTableViewController.swift in Sources */ = {isa = PBXBuildFile; fileRef = D7E52DDE24E31AB400EA43EA /* CompanyTableViewController.swift */; };
		D7E52DE124E31B9B00EA43EA /* VolunteerClass.swift in Sources */ = {isa = PBXBuildFile; fileRef = D7E52DE024E31B9B00EA43EA /* VolunteerClass.swift */; };
/* End PBXBuildFile section */

/* Begin PBXFileReference section */
		D7E52DC224E319AE00EA43EA /* VolunTEEN.app */ = {isa = PBXFileReference; explicitFileType = wrapper.application; includeInIndex = 0; path = VolunTEEN.app; sourceTree = BUILT_PRODUCTS_DIR; };
		D7E52DC524E319AE00EA43EA /* AppDelegate.swift */ = {isa = PBXFileReference; lastKnownFileType = sourcecode.swift; path = AppDelegate.swift; sourceTree = "<group>"; };
		D7E52DC724E319AE00EA43EA /* SceneDelegate.swift */ = {isa = PBXFileReference; lastKnownFileType = sourcecode.swift; path = SceneDelegate.swift; sourceTree = "<group>"; };
		D7E52DC924E319AE00EA43EA /* ViewController.swift */ = {isa = PBXFileReference; lastKnownFileType = sourcecode.swift; path = ViewController.swift; sourceTree = "<group>"; };
		D7E52DCC24E319AE00EA43EA /* Base */ = {isa = PBXFileReference; lastKnownFileType = file.storyboard; name = Base; path = Base.lproj/Main.storyboard; sourceTree = "<group>"; };
		D7E52DCF24E319AE00EA43EA /* VolunTEEN.xcdatamodel */ = {isa = PBXFileReference; lastKnownFileType = wrapper.xcdatamodel; path = VolunTEEN.xcdatamodel; sourceTree = "<group>"; };
		D7E52DD124E319B000EA43EA /* Assets.xcassets */ = {isa = PBXFileReference; lastKnownFileType = folder.assetcatalog; path = Assets.xcassets; sourceTree = "<group>"; };
		D7E52DD424E319B000EA43EA /* Base */ = {isa = PBXFileReference; lastKnownFileType = file.storyboard; name = Base; path = Base.lproj/LaunchScreen.storyboard; sourceTree = "<group>"; };
		D7E52DD624E319B000EA43EA /* Info.plist */ = {isa = PBXFileReference; lastKnownFileType = text.plist.xml; path = Info.plist; sourceTree = "<group>"; };
		D7E52DDC24E31A9E00EA43EA /* VolunteerTableViewController.swift */ = {isa = PBXFileReference; lastKnownFileType = sourcecode.swift; path = VolunteerTableViewController.swift; sourceTree = "<group>"; };
		D7E52DDE24E31AB400EA43EA /* CompanyTableViewController.swift */ = {isa = PBXFileReference; lastKnownFileType = sourcecode.swift; path = CompanyTableViewController.swift; sourceTree = "<group>"; };
		D7E52DE024E31B9B00EA43EA /* VolunteerClass.swift */ = {isa = PBXFileReference; lastKnownFileType = sourcecode.swift; path = VolunteerClass.swift; sourceTree = "<group>"; };
/* End PBXFileReference section */

/* Begin PBXFrameworksBuildPhase section */
		D7E52DBF24E319AE00EA43EA /* Frameworks */ = {
			isa = PBXFrameworksBuildPhase;
			buildActionMask = 2147483647;
			files = (
			);
			runOnlyForDeploymentPostprocessing = 0;
		};
/* End PBXFrameworksBuildPhase section */

/* Begin PBXGroup section */
		D7E52DB924E319AE00EA43EA = {
			isa = PBXGroup;
			children = (
				D7E52DC424E319AE00EA43EA /* VolunTEEN */,
				D7E52DC324E319AE00EA43EA /* Products */,
			);
			sourceTree = "<group>";
		};
		D7E52DC324E319AE00EA43EA /* Products */ = {
			isa = PBXGroup;
			children = (
				D7E52DC224E319AE00EA43EA /* VolunTEEN.app */,
			);
			name = Products;
			sourceTree = "<group>";
		};
		D7E52DC424E319AE00EA43EA /* VolunTEEN */ = {
			isa = PBXGroup;
			children = (
				D7E52DC524E319AE00EA43EA /* AppDelegate.swift */,
				D7E52DC724E319AE00EA43EA /* SceneDelegate.swift */,
				D7E52DC924E319AE00EA43EA /* ViewController.swift */,
				D7E52DCB24E319AE00EA43EA /* Main.storyboard */,
				D7E52DDE24E31AB400EA43EA /* CompanyTableViewController.swift */,
				D7E52DDC24E31A9E00EA43EA /* VolunteerTableViewController.swift */,
				D7E52DE024E31B9B00EA43EA /* VolunteerClass.swift */,
				D7E52DD124E319B000EA43EA /* Assets.xcassets */,
				D7E52DD324E319B000EA43EA /* LaunchScreen.storyboard */,
				D7E52DD624E319B000EA43EA /* Info.plist */,
				D7E52DCE24E319AE00EA43EA /* VolunTEEN.xcdatamodeld */,
			);
			path = VolunTEEN;
			sourceTree = "<group>";
		};
/* End PBXGroup section */

/* Begin PBXNativeTarget section */
		D7E52DC124E319AE00EA43EA /* VolunTEEN */ = {
			isa = PBXNativeTarget;
			buildConfigurationList = D7E52DD924E319B000EA43EA /* Build configuration list for PBXNativeTarget "VolunTEEN" */;
			buildPhases = (
				D7E52DBE24E319AE00EA43EA /* Sources */,
				D7E52DBF24E319AE00EA43EA /* Frameworks */,
				D7E52DC024E319AE00EA43EA /* Resources */,
			);
			buildRules = (
			);
			dependencies = (
			);
			name = VolunTEEN;
			productName = VolunTEEN;
			productReference = D7E52DC224E319AE00EA43EA /* VolunTEEN.app */;
			productType = "com.apple.product-type.application";
		};
/* End PBXNativeTarget section */

/* Begin PBXProject section */
		D7E52DBA24E319AE00EA43EA /* Project object */ = {
			isa = PBXProject;
			attributes = {
				LastSwiftUpdateCheck = 1130;
				LastUpgradeCheck = 1130;
				ORGANIZATIONNAME = "Roshni Surpur";
				TargetAttributes = {
					D7E52DC124E319AE00EA43EA = {
						CreatedOnToolsVersion = 11.3.1;
					};
				};
			};
			buildConfigurationList = D7E52DBD24E319AE00EA43EA /* Build configuration list for PBXProject "VolunTEEN" */;
			compatibilityVersion = "Xcode 9.3";
			developmentRegion = en;
			hasScannedForEncodings = 0;
			knownRegions = (
				en,
				Base,
			);
			mainGroup = D7E52DB924E319AE00EA43EA;
			productRefGroup = D7E52DC324E319AE00EA43EA /* Products */;
			projectDirPath = "";
			projectRoot = "";
			targets = (
				D7E52DC124E319AE00EA43EA /* VolunTEEN */,
			);
		};
/* End PBXProject section */

/* Begin PBXResourcesBuildPhase section */
		D7E52DC024E319AE00EA43EA /* Resources */ = {
			isa = PBXResourcesBuildPhase;
			buildActionMask = 2147483647;
			files = (
				D7E52DD524E319B000EA43EA /* LaunchScreen.storyboard in Resources */,
				D7E52DD224E319B000EA43EA /* Assets.xcassets in Resources */,
				D7E52DCD24E319AE00EA43EA /* Main.storyboard in Resources */,
			);
			runOnlyForDeploymentPostprocessing = 0;
		};
/* End PBXResourcesBuildPhase section */

/* Begin PBXSourcesBuildPhase section */
		D7E52DBE24E319AE00EA43EA /* Sources */ = {
			isa = PBXSourcesBuildPhase;
			buildActionMask = 2147483647;
			files = (
				D7E52DCA24E319AE00EA43EA /* ViewController.swift in Sources */,
				D7E52DDD24E31A9E00EA43EA /* VolunteerTableViewController.swift in Sources */,
				D7E52DDF24E31AB400EA43EA /* CompanyTableViewController.swift in Sources */,
				D7E52DC624E319AE00EA43EA /* AppDelegate.swift in Sources */,
				D7E52DD024E319AE00EA43EA /* VolunTEEN.xcdatamodeld in Sources */,
				D7E52DC824E319AE00EA43EA /* SceneDelegate.swift in Sources */,
				D7E52DE124E31B9B00EA43EA /* VolunteerClass.swift in Sources */,
			);
			runOnlyForDeploymentPostprocessing = 0;
		};
/* End PBXSourcesBuildPhase section */

/* Begin PBXVariantGroup section */
		D7E52DCB24E319AE00EA43EA /* Main.storyboard */ = {
			isa = PBXVariantGroup;
			children = (
				D7E52DCC24E319AE00EA43EA /* Base */,
			);
			name = Main.storyboard;
			sourceTree = "<group>";
		};
		D7E52DD324E319B000EA43EA /* LaunchScreen.storyboard */ = {
			isa = PBXVariantGroup;
			children = (
				D7E52DD424E319B000EA43EA /* Base */,
			);
			name = LaunchScreen.storyboard;
			sourceTree = "<group>";
		};
/* End PBXVariantGroup section */

/* Begin XCBuildConfiguration section */
		D7E52DD724E319B000EA43EA /* Debug */ = {
			isa = XCBuildConfiguration;
			buildSettings = {
				ALWAYS_SEARCH_USER_PATHS = NO;
				CLANG_ANALYZER_NONNULL = YES;
				CLANG_ANALYZER_NUMBER_OBJECT_CONVERSION = YES_AGGRESSIVE;
				CLANG_CXX_LANGUAGE_STANDARD = "gnu++14";
				CLANG_CXX_LIBRARY = "libc++";
				CLANG_ENABLE_MODULES = YES;
				CLANG_ENABLE_OBJC_ARC = YES;
				CLANG_ENABLE_OBJC_WEAK = YES;
				CLANG_WARN_BLOCK_CAPTURE_AUTORELEASING = YES;
				CLANG_WARN_BOOL_CONVERSION = YES;
				CLANG_WARN_COMMA = YES;
				CLANG_WARN_CONSTANT_CONVERSION = YES;
				CLANG_WARN_DEPRECATED_OBJC_IMPLEMENTATIONS = YES;
				CLANG_WARN_DIRECT_OBJC_ISA_USAGE = YES_ERROR;
				CLANG_WARN_DOCUMENTATION_COMMENTS = YES;
				CLANG_WARN_EMPTY_BODY = YES;
				CLANG_WARN_ENUM_CONVERSION = YES;
				CLANG_WARN_INFINITE_RECURSION = YES;
				CLANG_WARN_INT_CONVERSION = YES;
				CLANG_WARN_NON_LITERAL_NULL_CONVERSION = YES;
				CLANG_WARN_OBJC_IMPLICIT_RETAIN_SELF = YES;
				CLANG_WARN_OBJC_LITERAL_CONVERSION = YES;
				CLANG_WARN_OBJC_ROOT_CLASS = YES_ERROR;
				CLANG_WARN_RANGE_LOOP_ANALYSIS = YES;
				CLANG_WARN_STRICT_PROTOTYPES = YES;
				CLANG_WARN_SUSPICIOUS_MOVE = YES;
				CLANG_WARN_UNGUARDED_AVAILABILITY = YES_AGGRESSIVE;
				CLANG_WARN_UNREACHABLE_CODE = YES;
				CLANG_WARN__DUPLICATE_METHOD_MATCH = YES;
				COPY_PHASE_STRIP = NO;
				DEBUG_INFORMATION_FORMAT = dwarf;
				ENABLE_STRICT_OBJC_MSGSEND = YES;
				ENABLE_TESTABILITY = YES;
				GCC_C_LANGUAGE_STANDARD = gnu11;
				GCC_DYNAMIC_NO_PIC = NO;
				GCC_NO_COMMON_BLOCKS = YES;
				GCC_OPTIMIZATION_LEVEL = 0;
				GCC_PREPROCESSOR_DEFINITIONS = (
					"DEBUG=1",
					"$(inherited)",
				);
				GCC_WARN_64_TO_32_BIT_CONVERSION = YES;
				GCC_WARN_ABOUT_RETURN_TYPE = YES_ERROR;
				GCC_WARN_UNDECLARED_SELECTOR = YES;
				GCC_WARN_UNINITIALIZED_AUTOS = YES_AGGRESSIVE;
				GCC_WARN_UNUSED_FUNCTION = YES;
				GCC_WARN_UNUSED_VARIABLE = YES;
				IPHONEOS_DEPLOYMENT_TARGET = 13.2;
				MTL_ENABLE_DEBUG_INFO = INCLUDE_SOURCE;
				MTL_FAST_MATH = YES;
				ONLY_ACTIVE_ARCH = YES;
				SDKROOT = iphoneos;
				SWIFT_ACTIVE_COMPILATION_CONDITIONS = DEBUG;
				SWIFT_OPTIMIZATION_LEVEL = "-Onone";
			};
			name = Debug;
		};
		D7E52DD824E319B000EA43EA /* Release */ = {
			isa = XCBuildConfiguration;
			buildSettings = {
				ALWAYS_SEARCH_USER_PATHS = NO;
				CLANG_ANALYZER_NONNULL = YES;
				CLANG_ANALYZER_NUMBER_OBJECT_CONVERSION = YES_AGGRESSIVE;
				CLANG_CXX_LANGUAGE_STANDARD = "gnu++14";
				CLANG_CXX_LIBRARY = "libc++";
				CLANG_ENABLE_MODULES = YES;
				CLANG_ENABLE_OBJC_ARC = YES;
				CLANG_ENABLE_OBJC_WEAK = YES;
				CLANG_WARN_BLOCK_CAPTURE_AUTORELEASING = YES;
				CLANG_WARN_BOOL_CONVERSION = YES;
				CLANG_WARN_COMMA = YES;
				CLANG_WARN_CONSTANT_CONVERSION = YES;
				CLANG_WARN_DEPRECATED_OBJC_IMPLEMENTATIONS = YES;
				CLANG_WARN_DIRECT_OBJC_ISA_USAGE = YES_ERROR;
				CLANG_WARN_DOCUMENTATION_COMMENTS = YES;
				CLANG_WARN_EMPTY_BODY = YES;
				CLANG_WARN_ENUM_CONVERSION = YES;
				CLANG_WARN_INFINITE_RECURSION = YES;
				CLANG_WARN_INT_CONVERSION = YES;
				CLANG_WARN_NON_LITERAL_NULL_CONVERSION = YES;
				CLANG_WARN_OBJC_IMPLICIT_RETAIN_SELF = YES;
				CLANG_WARN_OBJC_LITERAL_CONVERSION = YES;
				CLANG_WARN_OBJC_ROOT_CLASS = YES_ERROR;
				CLANG_WARN_RANGE_LOOP_ANALYSIS = YES;
				CLANG_WARN_STRICT_PROTOTYPES = YES;
				CLANG_WARN_SUSPICIOUS_MOVE = YES;
				CLANG_WARN_UNGUARDED_AVAILABILITY = YES_AGGRESSIVE;
				CLANG_WARN_UNREACHABLE_CODE = YES;
				CLANG_WARN__DUPLICATE_METHOD_MATCH = YES;
				COPY_PHASE_STRIP = NO;
				DEBUG_INFORMATION_FORMAT = "dwarf-with-dsym";
				ENABLE_NS_ASSERTIONS = NO;
				ENABLE_STRICT_OBJC_MSGSEND = YES;
				GCC_C_LANGUAGE_STANDARD = gnu11;
				GCC_NO_COMMON_BLOCKS = YES;
				GCC_WARN_64_TO_32_BIT_CONVERSION = YES;
				GCC_WARN_ABOUT_RETURN_TYPE = YES_ERROR;
				GCC_WARN_UNDECLARED_SELECTOR = YES;
				GCC_WARN_UNINITIALIZED_AUTOS = YES_AGGRESSIVE;
				GCC_WARN_UNUSED_FUNCTION = YES;
				GCC_WARN_UNUSED_VARIABLE = YES;
				IPHONEOS_DEPLOYMENT_TARGET = 13.2;
				MTL_ENABLE_DEBUG_INFO = NO;
				MTL_FAST_MATH = YES;
				SDKROOT = iphoneos;
				SWIFT_COMPILATION_MODE = wholemodule;
				SWIFT_OPTIMIZATION_LEVEL = "-O";
				VALIDATE_PRODUCT = YES;
			};
			name = Release;
		};
		D7E52DDA24E319B000EA43EA /* Debug */ = {
			isa = XCBuildConfiguration;
			buildSettings = {
				ASSETCATALOG_COMPILER_APPICON_NAME = AppIcon;
				CODE_SIGN_STYLE = Automatic;
				DEVELOPMENT_TEAM = A4Y5Y9HZ5W;
				INFOPLIST_FILE = VolunTEEN/Info.plist;
				LD_RUNPATH_SEARCH_PATHS = (
					"$(inherited)",
					"@executable_path/Frameworks",
				);
				PRODUCT_BUNDLE_IDENTIFIER = KWK.VolunTEEN;
				PRODUCT_NAME = "$(TARGET_NAME)";
				SWIFT_VERSION = 5.0;
				TARGETED_DEVICE_FAMILY = "1,2";
			};
			name = Debug;
		};
		D7E52DDB24E319B000EA43EA /* Release */ = {
			isa = XCBuildConfiguration;
			buildSettings = {
				ASSETCATALOG_COMPILER_APPICON_NAME = AppIcon;
				CODE_SIGN_STYLE = Automatic;
				DEVELOPMENT_TEAM = A4Y5Y9HZ5W;
				INFOPLIST_FILE = VolunTEEN/Info.plist;
				LD_RUNPATH_SEARCH_PATHS = (
					"$(inherited)",
					"@executable_path/Frameworks",
				);
				PRODUCT_BUNDLE_IDENTIFIER = KWK.VolunTEEN;
				PRODUCT_NAME = "$(TARGET_NAME)";
				SWIFT_VERSION = 5.0;
				TARGETED_DEVICE_FAMILY = "1,2";
			};
			name = Release;
		};
/* End XCBuildConfiguration section */

/* Begin XCConfigurationList section */
		D7E52DBD24E319AE00EA43EA /* Build configuration list for PBXProject "VolunTEEN" */ = {
			isa = XCConfigurationList;
			buildConfigurations = (
				D7E52DD724E319B000EA43EA /* Debug */,
				D7E52DD824E319B000EA43EA /* Release */,
			);
			defaultConfigurationIsVisible = 0;
			defaultConfigurationName = Release;
		};
		D7E52DD924E319B000EA43EA /* Build configuration list for PBXNativeTarget "VolunTEEN" */ = {
			isa = XCConfigurationList;
			buildConfigurations = (
				D7E52DDA24E319B000EA43EA /* Debug */,
				D7E52DDB24E319B000EA43EA /* Release */,
			);
			defaultConfigurationIsVisible = 0;
			defaultConfigurationName = Release;
		};
/* End XCConfigurationList section */

/* Begin XCVersionGroup section */
		D7E52DCE24E319AE00EA43EA /* VolunTEEN.xcdatamodeld */ = {
			isa = XCVersionGroup;
			children = (
				D7E52DCF24E319AE00EA43EA /* VolunTEEN.xcdatamodel */,
			);
			currentVersion = D7E52DCF24E319AE00EA43EA /* VolunTEEN.xcdatamodel */;
			path = VolunTEEN.xcdatamodeld;
			sourceTree = "<group>";
			versionGroupType = wrapper.xcdatamodel;
		};
/* End XCVersionGroup section */
	};
	rootObject = D7E52DBA24E319AE00EA43EA /* Project object */;
}
